
Microsoft Visual Studio Solution File, Format Version 12.00
# Visual Studio Version 17
VisualStudioVersion = 17.14.36109.1
MinimumVisualStudioVersion = 10.0.40219.1
Project("{FAE04EC0-301F-11D3-BF4B-00C04F79EFBC}") = "VotingSystem_Claude", "VotingSystem_Claude\VotingSystem_Claude.csproj", "{578DACBF-4971-42A7-B2AB-665B45287764}"
EndProject
Global
	GlobalSection(SolutionConfigurationPlatforms) = preSolution
		Debug|Any CPU = Debug|Any CPU
		Release|Any CPU = Release|Any CPU
	EndGlobalSection
	GlobalSection(ProjectConfigurationPlatforms) = postSolution
		{578DACBF-4971-42A7-B2AB-665B45287764}.Debug|Any CPU.ActiveCfg = Debug|Any CPU
		{578DACBF-4971-42A7-B2AB-665B45287764}.Debug|Any CPU.Build.0 = Debug|Any CPU
		{578DACBF-4971-42A7-B2AB-665B45287764}.Release|Any CPU.ActiveCfg = Release|Any CPU
		{578DACBF-4971-42A7-B2AB-665B45287764}.Release|Any CPU.Build.0 = Release|Any CPU
	EndGlobalSection
	GlobalSection(SolutionProperties) = preSolution
		HideSolutionNode = FALSE
	EndGlobalSection
	GlobalSection(ExtensibilityGlobals) = postSolution
		SolutionGuid = {08125581-4CEC-47F2-A062-AD8AFDA2DB98}
	EndGlobalSection
EndGlobal
